{
  "name": "reggit_take_out",
  "lockfileVersion": 2,
  "requires": true,
  "packages": {
    "": {
      "dependencies": {
        "element-china-area-data": "^5.0.2"
      }
    },
    "node_modules/china-area-data": {
      "version": "5.0.1",
      "resolved": "https://repo.huaweicloud.com/repository/npm/china-area-data/-/china-area-data-5.0.1.tgz",
      "integrity": "sha512-BQDPpiv5Nn+018ekcJK2oSD9PAD+E1bvXB0wgabc//dFVS/KvRqCgg0QOEUt3vBkx9XzB5a9BmkJCEZDBxVjVw==",
      "license": "MIT"
    },
    "node_modules/element-china-area-data": {
      "version": "5.0.2",
      "resolved": "https://repo.huaweicloud.com/repository/npm/element-china-area-data/-/element-china-area-data-5.0.2.tgz",
      "integrity": "sha512-vLQuvOKJy/uiX7MRHEk3x/j09hipuIl6DJ/C4XFUG7D7Pj3O47sy+Y6aAArM6k9v8cD9UX6e+yz2S4J+IPnZ8g==",
      "license": "MIT",
      "dependencies": {
        "china-area-data": "^5.0.1",
        "lodash-es": "^4.17.15"
      }
    },
    "node_modules/lodash-es": {
      "version": "4.17.21",
      "resolved": "https://repo.huaweicloud.com/repository/npm/lodash-es/-/lodash-es-4.17.21.tgz",
      "integrity": "sha512-mKnC+QJ9pWVzv+C4/U3rRsHapFfHvQFoFB92e52xeyGMcX6/OlIl78je1u8vePzYZSkkogMPJ2yjxxsb89cxyw==",
      "license": "MIT"
    }
  },
  "dependencies": {
    "china-area-data": {
      "version": "5.0.1",
      "resolved": "https://repo.huaweicloud.com/repository/npm/china-area-data/-/china-area-data-5.0.1.tgz",
      "integrity": "sha512-BQDPpiv5Nn+018ekcJK2oSD9PAD+E1bvXB0wgabc//dFVS/KvRqCgg0QOEUt3vBkx9XzB5a9BmkJCEZDBxVjVw=="
    },
    "element-china-area-data": {
      "version": "5.0.2",
      "resolved": "https://repo.huaweicloud.com/repository/npm/element-china-area-data/-/element-china-area-data-5.0.2.tgz",
      "integrity": "sha512-vLQuvOKJy/uiX7MRHEk3x/j09hipuIl6DJ/C4XFUG7D7Pj3O47sy+Y6aAArM6k9v8cD9UX6e+yz2S4J+IPnZ8g==",
      "requires": {
        "china-area-data": "^5.0.1",
        "lodash-es": "^4.17.15"
      }
    },
    "lodash-es": {
      "version": "4.17.21",
      "resolved": "https://repo.huaweicloud.com/repository/npm/lodash-es/-/lodash-es-4.17.21.tgz",
      "integrity": "sha512-mKnC+QJ9pWVzv+C4/U3rRsHapFfHvQFoFB92e52xeyGMcX6/OlIl78je1u8vePzYZSkkogMPJ2yjxxsb89cxyw=="
    }
  }
}
